// !$*UTF8*$!
{
	archiveVersion = 1;
	classes = {
	};
	objectVersion = 56;
	objects = {

/* Begin PBXBuildFile section */
		04B649D52A3DF8F500AACAAA /* AuthView.swift in Sources */ = {isa = PBXBuildFile; fileRef = 04B649D02A3DF8F400AACAAA /* AuthView.swift */; };
		04B649D62A3DF8F500AACAAA /* ColorExtension.swift in Sources */ = {isa = PBXBuildFile; fileRef = 04B649D12A3DF8F400AACAAA /* ColorExtension.swift */; };
		04B649D72A3DF8F500AACAAA /* SettingView.swift in Sources */ = {isa = PBXBuildFile; fileRef = 04B649D22A3DF8F500AACAAA /* SettingView.swift */; };
		04B649D82A3DF8F500AACAAA /* RegisterView.swift in Sources */ = {isa = PBXBuildFile; fileRef = 04B649D32A3DF8F500AACAAA /* RegisterView.swift */; };
		04B649D92A3DF8F500AACAAA /* AuthViewModel.swift in Sources */ = {isa = PBXBuildFile; fileRef = 04B649D42A3DF8F500AACAAA /* AuthViewModel.swift */; };
		04B649DB2A3DFB2B00AACAAA /* GoogleService-Info.plist in Resources */ = {isa = PBXBuildFile; fileRef = 04B649DA2A3DFB2B00AACAAA /* GoogleService-Info.plist */; };
		04B649DF2A3E01FA00AACAAA /* FirebaseMessaging in Frameworks */ = {isa = PBXBuildFile; productRef = 04B649DE2A3E01FA00AACAAA /* FirebaseMessaging */; };
		04B649E12A3E020000AACAAA /* FirebaseInstallations in Frameworks */ = {isa = PBXBuildFile; productRef = 04B649E02A3E020000AACAAA /* FirebaseInstallations */; };
		04B649E32A3E022F00AACAAA /* FirebaseAnalytics in Frameworks */ = {isa = PBXBuildFile; productRef = 04B649E22A3E022F00AACAAA /* FirebaseAnalytics */; };
		04B649E52A3E022F00AACAAA /* FirebaseAnalyticsOnDeviceConversion in Frameworks */ = {isa = PBXBuildFile; productRef = 04B649E42A3E022F00AACAAA /* FirebaseAnalyticsOnDeviceConversion */; };
		04B649E72A3E022F00AACAAA /* FirebaseAnalyticsSwift in Frameworks */ = {isa = PBXBuildFile; productRef = 04B649E62A3E022F00AACAAA /* FirebaseAnalyticsSwift */; };
		04B649E92A3E022F00AACAAA /* FirebaseAnalyticsWithoutAdIdSupport in Frameworks */ = {isa = PBXBuildFile; productRef = 04B649E82A3E022F00AACAAA /* FirebaseAnalyticsWithoutAdIdSupport */; };
		04B649EB2A3E022F00AACAAA /* FirebaseAppCheck in Frameworks */ = {isa = PBXBuildFile; productRef = 04B649EA2A3E022F00AACAAA /* FirebaseAppCheck */; };
		04B649ED2A3E022F00AACAAA /* FirebaseAppDistribution-Beta in Frameworks */ = {isa = PBXBuildFile; productRef = 04B649EC2A3E022F00AACAAA /* FirebaseAppDistribution-Beta */; };
		04B649EF2A3E022F00AACAAA /* FirebaseAuth in Frameworks */ = {isa = PBXBuildFile; productRef = 04B649EE2A3E022F00AACAAA /* FirebaseAuth */; };
		04B649F12A3E022F00AACAAA /* FirebaseAuthCombine-Community in Frameworks */ = {isa = PBXBuildFile; productRef = 04B649F02A3E022F00AACAAA /* FirebaseAuthCombine-Community */; };
		04B649F32A3E022F00AACAAA /* FirebaseCrashlytics in Frameworks */ = {isa = PBXBuildFile; productRef = 04B649F22A3E022F00AACAAA /* FirebaseCrashlytics */; };
		04B649F52A3E022F00AACAAA /* FirebaseDatabase in Frameworks */ = {isa = PBXBuildFile; productRef = 04B649F42A3E022F00AACAAA /* FirebaseDatabase */; };
		04B649F72A3E023000AACAAA /* FirebaseDatabaseSwift in Frameworks */ = {isa = PBXBuildFile; productRef = 04B649F62A3E023000AACAAA /* FirebaseDatabaseSwift */; };
		04B649F92A3E023000AACAAA /* FirebaseDynamicLinks in Frameworks */ = {isa = PBXBuildFile; productRef = 04B649F82A3E023000AACAAA /* FirebaseDynamicLinks */; };
		04B649FB2A3E023000AACAAA /* FirebaseFirestore in Frameworks */ = {isa = PBXBuildFile; productRef = 04B649FA2A3E023000AACAAA /* FirebaseFirestore */; };
		04B649FD2A3E023000AACAAA /* FirebaseFirestoreCombine-Community in Frameworks */ = {isa = PBXBuildFile; productRef = 04B649FC2A3E023000AACAAA /* FirebaseFirestoreCombine-Community */; };
		04B649FF2A3E023000AACAAA /* FirebaseFirestoreSwift in Frameworks */ = {isa = PBXBuildFile; productRef = 04B649FE2A3E023000AACAAA /* FirebaseFirestoreSwift */; };
		04B64A012A3E023000AACAAA /* FirebaseFunctions in Frameworks */ = {isa = PBXBuildFile; productRef = 04B64A002A3E023000AACAAA /* FirebaseFunctions */; };
		04B64A032A3E023100AACAAA /* FirebaseFunctionsCombine-Community in Frameworks */ = {isa = PBXBuildFile; productRef = 04B64A022A3E023100AACAAA /* FirebaseFunctionsCombine-Community */; };
		04B64A052A3E023100AACAAA /* FirebaseInAppMessaging-Beta in Frameworks */ = {isa = PBXBuildFile; productRef = 04B64A042A3E023100AACAAA /* FirebaseInAppMessaging-Beta */; };
		04B64A072A3E023100AACAAA /* FirebaseInAppMessagingSwift-Beta in Frameworks */ = {isa = PBXBuildFile; productRef = 04B64A062A3E023100AACAAA /* FirebaseInAppMessagingSwift-Beta */; };
		04B64A092A3E023100AACAAA /* FirebaseMLModelDownloader in Frameworks */ = {isa = PBXBuildFile; productRef = 04B64A082A3E023100AACAAA /* FirebaseMLModelDownloader */; };
		04B64A0B2A3E023100AACAAA /* FirebasePerformance in Frameworks */ = {isa = PBXBuildFile; productRef = 04B64A0A2A3E023100AACAAA /* FirebasePerformance */; };
		04B64A0D2A3E023200AACAAA /* FirebaseRemoteConfig in Frameworks */ = {isa = PBXBuildFile; productRef = 04B64A0C2A3E023200AACAAA /* FirebaseRemoteConfig */; };
		04B64A0F2A3E023200AACAAA /* FirebaseRemoteConfigSwift in Frameworks */ = {isa = PBXBuildFile; productRef = 04B64A0E2A3E023200AACAAA /* FirebaseRemoteConfigSwift */; };
		04B64A112A3E023200AACAAA /* FirebaseStorage in Frameworks */ = {isa = PBXBuildFile; productRef = 04B64A102A3E023200AACAAA /* FirebaseStorage */; };
		04B64A132A3E023200AACAAA /* FirebaseStorageCombine-Community in Frameworks */ = {isa = PBXBuildFile; productRef = 04B64A122A3E023200AACAAA /* FirebaseStorageCombine-Community */; };
		423CFE5A2A1D9F6500458777 /* Alamofire in Frameworks */ = {isa = PBXBuildFile; productRef = 423CFE592A1D9F6500458777 /* Alamofire */; };
		428EB87A2A25ECA5004E6A11 /* WishButton.swift in Sources */ = {isa = PBXBuildFile; fileRef = 428EB8792A25ECA5004E6A11 /* WishButton.swift */; };
		428EB87C2A25EF6C004E6A11 /* WishListView.swift in Sources */ = {isa = PBXBuildFile; fileRef = 428EB87B2A25EF6C004E6A11 /* WishListView.swift */; };
		4290778A2A28AB5300579BFC /* ContentView.swift in Sources */ = {isa = PBXBuildFile; fileRef = 429077892A28AB5300579BFC /* ContentView.swift */; };
		429D1A852A3B66760013CD12 /* DetailView.swift in Sources */ = {isa = PBXBuildFile; fileRef = 429D1A842A3B66760013CD12 /* DetailView.swift */; };
		42CB57B52A147E1200AF0CF8 /* DisplayListView.swift in Sources */ = {isa = PBXBuildFile; fileRef = 42CB57B42A147E1200AF0CF8 /* DisplayListView.swift */; };
		42CB57B72A147E1B00AF0CF8 /* DisplayRow.swift in Sources */ = {isa = PBXBuildFile; fileRef = 42CB57B62A147E1B00AF0CF8 /* DisplayRow.swift */; };
		42CB57B92A1486D400AF0CF8 /* Display.swift in Sources */ = {isa = PBXBuildFile; fileRef = 42CB57B82A1486D400AF0CF8 /* Display.swift */; };
		42CB57BF2A1729A600AF0CF8 /* DisplayModel.swift in Sources */ = {isa = PBXBuildFile; fileRef = 42CB57BE2A1729A600AF0CF8 /* DisplayModel.swift */; };
		42E4F84E2A0263BC00DA68EA /* KnuMobileApp8App.swift in Sources */ = {isa = PBXBuildFile; fileRef = 42E4F84D2A0263BC00DA68EA /* KnuMobileApp8App.swift */; };
		42E4F8522A0263BD00DA68EA /* Assets.xcassets in Resources */ = {isa = PBXBuildFile; fileRef = 42E4F8512A0263BD00DA68EA /* Assets.xcassets */; };
		42E4F8552A0263BD00DA68EA /* Preview Assets.xcassets in Resources */ = {isa = PBXBuildFile; fileRef = 42E4F8542A0263BD00DA68EA /* Preview Assets.xcassets */; };
		E9A0A8132A2D204500A35F87 /* MapView.swift in Sources */ = {isa = PBXBuildFile; fileRef = E9A0A8122A2D204500A35F87 /* MapView.swift */; };
		E9A0A8152A2D209C00A35F87 /* MapController.swift in Sources */ = {isa = PBXBuildFile; fileRef = E9A0A8142A2D209C00A35F87 /* MapController.swift */; };
		E9A0A8172A2D217300A35F87 /* Action.swift in Sources */ = {isa = PBXBuildFile; fileRef = E9A0A8162A2D217300A35F87 /* Action.swift */; };
		E9A0A8192A2D23B700A35F87 /* DisplayView.swift in Sources */ = {isa = PBXBuildFile; fileRef = E9A0A8182A2D23B700A35F87 /* DisplayView.swift */; };
/* End PBXBuildFile section */

/* Begin PBXFileReference section */
		04B649D02A3DF8F400AACAAA /* AuthView.swift */ = {isa = PBXFileReference; fileEncoding = 4; lastKnownFileType = sourcecode.swift; path = AuthView.swift; sourceTree = "<group>"; };
		04B649D12A3DF8F400AACAAA /* ColorExtension.swift */ = {isa = PBXFileReference; fileEncoding = 4; lastKnownFileType = sourcecode.swift; path = ColorExtension.swift; sourceTree = "<group>"; };
		04B649D22A3DF8F500AACAAA /* SettingView.swift */ = {isa = PBXFileReference; fileEncoding = 4; lastKnownFileType = sourcecode.swift; path = SettingView.swift; sourceTree = "<group>"; };
		04B649D32A3DF8F500AACAAA /* RegisterView.swift */ = {isa = PBXFileReference; fileEncoding = 4; lastKnownFileType = sourcecode.swift; path = RegisterView.swift; sourceTree = "<group>"; };
		04B649D42A3DF8F500AACAAA /* AuthViewModel.swift */ = {isa = PBXFileReference; fileEncoding = 4; lastKnownFileType = sourcecode.swift; path = AuthViewModel.swift; sourceTree = "<group>"; };
		04B649DA2A3DFB2B00AACAAA /* GoogleService-Info.plist */ = {isa = PBXFileReference; fileEncoding = 4; lastKnownFileType = text.plist.xml; path = "GoogleService-Info.plist"; sourceTree = "<group>"; };
		428EB8792A25ECA5004E6A11 /* WishButton.swift */ = {isa = PBXFileReference; lastKnownFileType = sourcecode.swift; path = WishButton.swift; sourceTree = "<group>"; };
		428EB87B2A25EF6C004E6A11 /* WishListView.swift */ = {isa = PBXFileReference; lastKnownFileType = sourcecode.swift; path = WishListView.swift; sourceTree = "<group>"; };
		429077892A28AB5300579BFC /* ContentView.swift */ = {isa = PBXFileReference; fileEncoding = 4; lastKnownFileType = sourcecode.swift; path = ContentView.swift; sourceTree = "<group>"; };
		429D1A842A3B66760013CD12 /* DetailView.swift */ = {isa = PBXFileReference; lastKnownFileType = sourcecode.swift; path = DetailView.swift; sourceTree = "<group>"; };
		42CB57B42A147E1200AF0CF8 /* DisplayListView.swift */ = {isa = PBXFileReference; lastKnownFileType = sourcecode.swift; path = DisplayListView.swift; sourceTree = "<group>"; };
		42CB57B62A147E1B00AF0CF8 /* DisplayRow.swift */ = {isa = PBXFileReference; lastKnownFileType = sourcecode.swift; path = DisplayRow.swift; sourceTree = "<group>"; };
		42CB57B82A1486D400AF0CF8 /* Display.swift */ = {isa = PBXFileReference; lastKnownFileType = sourcecode.swift; path = Display.swift; sourceTree = "<group>"; };
		42CB57BE2A1729A600AF0CF8 /* DisplayModel.swift */ = {isa = PBXFileReference; lastKnownFileType = sourcecode.swift; path = DisplayModel.swift; sourceTree = "<group>"; };
		42E4F84A2A0263BC00DA68EA /* KnuMobileApp8.app */ = {isa = PBXFileReference; explicitFileType = wrapper.application; includeInIndex = 0; path = KnuMobileApp8.app; sourceTree = BUILT_PRODUCTS_DIR; };
		42E4F84D2A0263BC00DA68EA /* KnuMobileApp8App.swift */ = {isa = PBXFileReference; lastKnownFileType = sourcecode.swift; path = KnuMobileApp8App.swift; sourceTree = "<group>"; };
		42E4F8512A0263BD00DA68EA /* Assets.xcassets */ = {isa = PBXFileReference; lastKnownFileType = folder.assetcatalog; path = Assets.xcassets; sourceTree = "<group>"; };
		42E4F8542A0263BD00DA68EA /* Preview Assets.xcassets */ = {isa = PBXFileReference; lastKnownFileType = folder.assetcatalog; path = "Preview Assets.xcassets"; sourceTree = "<group>"; };
		E9A0A8122A2D204500A35F87 /* MapView.swift */ = {isa = PBXFileReference; lastKnownFileType = sourcecode.swift; path = MapView.swift; sourceTree = "<group>"; };
		E9A0A8142A2D209C00A35F87 /* MapController.swift */ = {isa = PBXFileReference; lastKnownFileType = sourcecode.swift; path = MapController.swift; sourceTree = "<group>"; };
		E9A0A8162A2D217300A35F87 /* Action.swift */ = {isa = PBXFileReference; lastKnownFileType = sourcecode.swift; path = Action.swift; sourceTree = "<group>"; };
		E9A0A8182A2D23B700A35F87 /* DisplayView.swift */ = {isa = PBXFileReference; lastKnownFileType = sourcecode.swift; path = DisplayView.swift; sourceTree = "<group>"; };
/* End PBXFileReference section */

/* Begin PBXFrameworksBuildPhase section */
		42E4F8472A0263BC00DA68EA /* Frameworks */ = {
			isa = PBXFrameworksBuildPhase;
			buildActionMask = 2147483647;
			files = (
				04B64A072A3E023100AACAAA /* FirebaseInAppMessagingSwift-Beta in Frameworks */,
				04B649F72A3E023000AACAAA /* FirebaseDatabaseSwift in Frameworks */,
				04B649F52A3E022F00AACAAA /* FirebaseDatabase in Frameworks */,
				04B649EB2A3E022F00AACAAA /* FirebaseAppCheck in Frameworks */,
				04B64A032A3E023100AACAAA /* FirebaseFunctionsCombine-Community in Frameworks */,
				04B649EF2A3E022F00AACAAA /* FirebaseAuth in Frameworks */,
				04B649E72A3E022F00AACAAA /* FirebaseAnalyticsSwift in Frameworks */,
				04B649FB2A3E023000AACAAA /* FirebaseFirestore in Frameworks */,
				04B649E12A3E020000AACAAA /* FirebaseInstallations in Frameworks */,
				04B64A092A3E023100AACAAA /* FirebaseMLModelDownloader in Frameworks */,
				04B64A052A3E023100AACAAA /* FirebaseInAppMessaging-Beta in Frameworks */,
				04B649DF2A3E01FA00AACAAA /* FirebaseMessaging in Frameworks */,
				04B649E52A3E022F00AACAAA /* FirebaseAnalyticsOnDeviceConversion in Frameworks */,
				04B649F12A3E022F00AACAAA /* FirebaseAuthCombine-Community in Frameworks */,
				04B64A0B2A3E023100AACAAA /* FirebasePerformance in Frameworks */,
				04B64A012A3E023000AACAAA /* FirebaseFunctions in Frameworks */,
				04B649E92A3E022F00AACAAA /* FirebaseAnalyticsWithoutAdIdSupport in Frameworks */,
				04B649FD2A3E023000AACAAA /* FirebaseFirestoreCombine-Community in Frameworks */,
				04B649E32A3E022F00AACAAA /* FirebaseAnalytics in Frameworks */,
				04B64A0D2A3E023200AACAAA /* FirebaseRemoteConfig in Frameworks */,
				04B64A112A3E023200AACAAA /* FirebaseStorage in Frameworks */,
				04B649F32A3E022F00AACAAA /* FirebaseCrashlytics in Frameworks */,
				04B64A132A3E023200AACAAA /* FirebaseStorageCombine-Community in Frameworks */,
				423CFE5A2A1D9F6500458777 /* Alamofire in Frameworks */,
				04B649ED2A3E022F00AACAAA /* FirebaseAppDistribution-Beta in Frameworks */,
				04B649F92A3E023000AACAAA /* FirebaseDynamicLinks in Frameworks */,
				04B649FF2A3E023000AACAAA /* FirebaseFirestoreSwift in Frameworks */,
				04B64A0F2A3E023200AACAAA /* FirebaseRemoteConfigSwift in Frameworks */,
			);
			runOnlyForDeploymentPostprocessing = 0;
		};
/* End PBXFrameworksBuildPhase section */

/* Begin PBXGroup section */
		04B649DD2A3E01FA00AACAAA /* Frameworks */ = {
			isa = PBXGroup;
			children = (
			);
			name = Frameworks;
			sourceTree = "<group>";
		};
		42E4F8412A0263BC00DA68EA = {
			isa = PBXGroup;
			children = (
				42E4F84C2A0263BC00DA68EA /* KnuMobileApp8 */,
				42E4F84B2A0263BC00DA68EA /* Products */,
				04B649DD2A3E01FA00AACAAA /* Frameworks */,
			);
			sourceTree = "<group>";
		};
		42E4F84B2A0263BC00DA68EA /* Products */ = {
			isa = PBXGroup;
			children = (
				42E4F84A2A0263BC00DA68EA /* KnuMobileApp8.app */,
			);
			name = Products;
			sourceTree = "<group>";
		};
		42E4F84C2A0263BC00DA68EA /* KnuMobileApp8 */ = {
			isa = PBXGroup;
			children = (
				42E4F84D2A0263BC00DA68EA /* KnuMobileApp8App.swift */,
				42CB57B42A147E1200AF0CF8 /* DisplayListView.swift */,
				429077892A28AB5300579BFC /* ContentView.swift */,
				42CB57B62A147E1B00AF0CF8 /* DisplayRow.swift */,
				42CB57B82A1486D400AF0CF8 /* Display.swift */,
				42CB57BE2A1729A600AF0CF8 /* DisplayModel.swift */,
				429D1A842A3B66760013CD12 /* DetailView.swift */,
				428EB87B2A25EF6C004E6A11 /* WishListView.swift */,
				428EB8792A25ECA5004E6A11 /* WishButton.swift */,
				E9A0A8122A2D204500A35F87 /* MapView.swift */,
				E9A0A8142A2D209C00A35F87 /* MapController.swift */,
				E9A0A8182A2D23B700A35F87 /* DisplayView.swift */,
				E9A0A8162A2D217300A35F87 /* Action.swift */,
				04B649D02A3DF8F400AACAAA /* AuthView.swift */,
				04B649D42A3DF8F500AACAAA /* AuthViewModel.swift */,
				04B649D12A3DF8F400AACAAA /* ColorExtension.swift */,
				04B649D32A3DF8F500AACAAA /* RegisterView.swift */,
				04B649D22A3DF8F500AACAAA /* SettingView.swift */,
				04B649DA2A3DFB2B00AACAAA /* GoogleService-Info.plist */,
				42E4F8512A0263BD00DA68EA /* Assets.xcassets */,
				42E4F8532A0263BD00DA68EA /* Preview Content */,
			);
			path = KnuMobileApp8;
			sourceTree = "<group>";
		};
		42E4F8532A0263BD00DA68EA /* Preview Content */ = {
			isa = PBXGroup;
			children = (
				42E4F8542A0263BD00DA68EA /* Preview Assets.xcassets */,
			);
			path = "Preview Content";
			sourceTree = "<group>";
		};
/* End PBXGroup section */

/* Begin PBXNativeTarget section */
		42E4F8492A0263BC00DA68EA /* KnuMobileApp8 */ = {
			isa = PBXNativeTarget;
			buildConfigurationList = 42E4F8582A0263BD00DA68EA /* Build configuration list for PBXNativeTarget "KnuMobileApp8" */;
			buildPhases = (
				42E4F8462A0263BC00DA68EA /* Sources */,
				42E4F8472A0263BC00DA68EA /* Frameworks */,
				42E4F8482A0263BC00DA68EA /* Resources */,
			);
			buildRules = (
			);
			dependencies = (
			);
			name = KnuMobileApp8;
			packageProductDependencies = (
				423CFE592A1D9F6500458777 /* Alamofire */,
				04B649DE2A3E01FA00AACAAA /* FirebaseMessaging */,
				04B649E02A3E020000AACAAA /* FirebaseInstallations */,
				04B649E22A3E022F00AACAAA /* FirebaseAnalytics */,
				04B649E42A3E022F00AACAAA /* FirebaseAnalyticsOnDeviceConversion */,
				04B649E62A3E022F00AACAAA /* FirebaseAnalyticsSwift */,
				04B649E82A3E022F00AACAAA /* FirebaseAnalyticsWithoutAdIdSupport */,
				04B649EA2A3E022F00AACAAA /* FirebaseAppCheck */,
				04B649EC2A3E022F00AACAAA /* FirebaseAppDistribution-Beta */,
				04B649EE2A3E022F00AACAAA /* FirebaseAuth */,
				04B649F02A3E022F00AACAAA /* FirebaseAuthCombine-Community */,
				04B649F22A3E022F00AACAAA /* FirebaseCrashlytics */,
				04B649F42A3E022F00AACAAA /* FirebaseDatabase */,
				04B649F62A3E023000AACAAA /* FirebaseDatabaseSwift */,
				04B649F82A3E023000AACAAA /* FirebaseDynamicLinks */,
				04B649FA2A3E023000AACAAA /* FirebaseFirestore */,
				04B649FC2A3E023000AACAAA /* FirebaseFirestoreCombine-Community */,
				04B649FE2A3E023000AACAAA /* FirebaseFirestoreSwift */,
				04B64A002A3E023000AACAAA /* FirebaseFunctions */,
				04B64A022A3E023100AACAAA /* FirebaseFunctionsCombine-Community */,
				04B64A042A3E023100AACAAA /* FirebaseInAppMessaging-Beta */,
				04B64A062A3E023100AACAAA /* FirebaseInAppMessagingSwift-Beta */,
				04B64A082A3E023100AACAAA /* FirebaseMLModelDownloader */,
				04B64A0A2A3E023100AACAAA /* FirebasePerformance */,
				04B64A0C2A3E023200AACAAA /* FirebaseRemoteConfig */,
				04B64A0E2A3E023200AACAAA /* FirebaseRemoteConfigSwift */,
				04B64A102A3E023200AACAAA /* FirebaseStorage */,
				04B64A122A3E023200AACAAA /* FirebaseStorageCombine-Community */,
			);
			productName = KnuMobileApp8;
			productReference = 42E4F84A2A0263BC00DA68EA /* KnuMobileApp8.app */;
			productType = "com.apple.product-type.application";
		};
/* End PBXNativeTarget section */

/* Begin PBXProject section */
		42E4F8422A0263BC00DA68EA /* Project object */ = {
			isa = PBXProject;
			attributes = {
				BuildIndependentTargetsInParallel = 1;
				LastSwiftUpdateCheck = 1420;
				LastUpgradeCheck = 1420;
				TargetAttributes = {
					42E4F8492A0263BC00DA68EA = {
						CreatedOnToolsVersion = 14.2;
					};
				};
			};
			buildConfigurationList = 42E4F8452A0263BC00DA68EA /* Build configuration list for PBXProject "KnuMobileApp8" */;
			compatibilityVersion = "Xcode 14.0";
			developmentRegion = en;
			hasScannedForEncodings = 0;
			knownRegions = (
				en,
				Base,
			);
			mainGroup = 42E4F8412A0263BC00DA68EA;
			packageReferences = (
				423CFE582A1D9F6500458777 /* XCRemoteSwiftPackageReference "Alamofire" */,
				04B649DC2A3DFE6700AACAAA /* XCRemoteSwiftPackageReference "firebase-ios-sdk" */,
			);
			productRefGroup = 42E4F84B2A0263BC00DA68EA /* Products */;
			projectDirPath = "";
			projectRoot = "";
			targets = (
				42E4F8492A0263BC00DA68EA /* KnuMobileApp8 */,
			);
		};
/* End PBXProject section */

/* Begin PBXResourcesBuildPhase section */
		42E4F8482A0263BC00DA68EA /* Resources */ = {
			isa = PBXResourcesBuildPhase;
			buildActionMask = 2147483647;
			files = (
				42E4F8552A0263BD00DA68EA /* Preview Assets.xcassets in Resources */,
				42E4F8522A0263BD00DA68EA /* Assets.xcassets in Resources */,
				04B649DB2A3DFB2B00AACAAA /* GoogleService-Info.plist in Resources */,
			);
			runOnlyForDeploymentPostprocessing = 0;
		};
/* End PBXResourcesBuildPhase section */

/* Begin PBXSourcesBuildPhase section */
		42E4F8462A0263BC00DA68EA /* Sources */ = {
			isa = PBXSourcesBuildPhase;
			buildActionMask = 2147483647;
			files = (
				04B649D52A3DF8F500AACAAA /* AuthView.swift in Sources */,
				42CB57B92A1486D400AF0CF8 /* Display.swift in Sources */,
				E9A0A8172A2D217300A35F87 /* Action.swift in Sources */,
				428EB87C2A25EF6C004E6A11 /* WishListView.swift in Sources */,
				4290778A2A28AB5300579BFC /* ContentView.swift in Sources */,
				04B649D72A3DF8F500AACAAA /* SettingView.swift in Sources */,
				42CB57BF2A1729A600AF0CF8 /* DisplayModel.swift in Sources */,
				428EB87A2A25ECA5004E6A11 /* WishButton.swift in Sources */,
				04B649D92A3DF8F500AACAAA /* AuthViewModel.swift in Sources */,
				04B649D82A3DF8F500AACAAA /* RegisterView.swift in Sources */,
				42CB57B72A147E1B00AF0CF8 /* DisplayRow.swift in Sources */,
				429D1A852A3B66760013CD12 /* DetailView.swift in Sources */,
				04B649D62A3DF8F500AACAAA /* ColorExtension.swift in Sources */,
				42E4F84E2A0263BC00DA68EA /* KnuMobileApp8App.swift in Sources */,
				E9A0A8132A2D204500A35F87 /* MapView.swift in Sources */,
				E9A0A8192A2D23B700A35F87 /* DisplayView.swift in Sources */,
				E9A0A8152A2D209C00A35F87 /* MapController.swift in Sources */,
				42CB57B52A147E1200AF0CF8 /* DisplayListView.swift in Sources */,
			);
			runOnlyForDeploymentPostprocessing = 0;
		};
/* End PBXSourcesBuildPhase section */

/* Begin XCBuildConfiguration section */
		42E4F8562A0263BD00DA68EA /* Debug */ = {
			isa = XCBuildConfiguration;
			buildSettings = {
				ALWAYS_SEARCH_USER_PATHS = NO;
				CLANG_ANALYZER_NONNULL = YES;
				CLANG_ANALYZER_NUMBER_OBJECT_CONVERSION = YES_AGGRESSIVE;
				CLANG_CXX_LANGUAGE_STANDARD = "gnu++20";
				CLANG_ENABLE_MODULES = YES;
				CLANG_ENABLE_OBJC_ARC = YES;
				CLANG_ENABLE_OBJC_WEAK = YES;
				CLANG_WARN_BLOCK_CAPTURE_AUTORELEASING = YES;
				CLANG_WARN_BOOL_CONVERSION = YES;
				CLANG_WARN_COMMA = YES;
				CLANG_WARN_CONSTANT_CONVERSION = YES;
				CLANG_WARN_DEPRECATED_OBJC_IMPLEMENTATIONS = YES;
				CLANG_WARN_DIRECT_OBJC_ISA_USAGE = YES_ERROR;
				CLANG_WARN_DOCUMENTATION_COMMENTS = YES;
				CLANG_WARN_EMPTY_BODY = YES;
				CLANG_WARN_ENUM_CONVERSION = YES;
				CLANG_WARN_INFINITE_RECURSION = YES;
				CLANG_WARN_INT_CONVERSION = YES;
				CLANG_WARN_NON_LITERAL_NULL_CONVERSION = YES;
				CLANG_WARN_OBJC_IMPLICIT_RETAIN_SELF = YES;
				CLANG_WARN_OBJC_LITERAL_CONVERSION = YES;
				CLANG_WARN_OBJC_ROOT_CLASS = YES_ERROR;
				CLANG_WARN_QUOTED_INCLUDE_IN_FRAMEWORK_HEADER = YES;
				CLANG_WARN_RANGE_LOOP_ANALYSIS = YES;
				CLANG_WARN_STRICT_PROTOTYPES = YES;
				CLANG_WARN_SUSPICIOUS_MOVE = YES;
				CLANG_WARN_UNGUARDED_AVAILABILITY = YES_AGGRESSIVE;
				CLANG_WARN_UNREACHABLE_CODE = YES;
				CLANG_WARN__DUPLICATE_METHOD_MATCH = YES;
				COPY_PHASE_STRIP = NO;
				DEBUG_INFORMATION_FORMAT = dwarf;
				ENABLE_STRICT_OBJC_MSGSEND = YES;
				ENABLE_TESTABILITY = YES;
				GCC_C_LANGUAGE_STANDARD = gnu11;
				GCC_DYNAMIC_NO_PIC = NO;
				GCC_NO_COMMON_BLOCKS = YES;
				GCC_OPTIMIZATION_LEVEL = 0;
				GCC_PREPROCESSOR_DEFINITIONS = (
					"DEBUG=1",
					"$(inherited)",
				);
				GCC_WARN_64_TO_32_BIT_CONVERSION = YES;
				GCC_WARN_ABOUT_RETURN_TYPE = YES_ERROR;
				GCC_WARN_UNDECLARED_SELECTOR = YES;
				GCC_WARN_UNINITIALIZED_AUTOS = YES_AGGRESSIVE;
				GCC_WARN_UNUSED_FUNCTION = YES;
				GCC_WARN_UNUSED_VARIABLE = YES;
				IPHONEOS_DEPLOYMENT_TARGET = 16.2;
				MTL_ENABLE_DEBUG_INFO = INCLUDE_SOURCE;
				MTL_FAST_MATH = YES;
				ONLY_ACTIVE_ARCH = YES;
				SDKROOT = iphoneos;
				SWIFT_ACTIVE_COMPILATION_CONDITIONS = DEBUG;
				SWIFT_OPTIMIZATION_LEVEL = "-Onone";
			};
			name = Debug;
		};
		42E4F8572A0263BD00DA68EA /* Release */ = {
			isa = XCBuildConfiguration;
			buildSettings = {
				ALWAYS_SEARCH_USER_PATHS = NO;
				CLANG_ANALYZER_NONNULL = YES;
				CLANG_ANALYZER_NUMBER_OBJECT_CONVERSION = YES_AGGRESSIVE;
				CLANG_CXX_LANGUAGE_STANDARD = "gnu++20";
				CLANG_ENABLE_MODULES = YES;
				CLANG_ENABLE_OBJC_ARC = YES;
				CLANG_ENABLE_OBJC_WEAK = YES;
				CLANG_WARN_BLOCK_CAPTURE_AUTORELEASING = YES;
				CLANG_WARN_BOOL_CONVERSION = YES;
				CLANG_WARN_COMMA = YES;
				CLANG_WARN_CONSTANT_CONVERSION = YES;
				CLANG_WARN_DEPRECATED_OBJC_IMPLEMENTATIONS = YES;
				CLANG_WARN_DIRECT_OBJC_ISA_USAGE = YES_ERROR;
				CLANG_WARN_DOCUMENTATION_COMMENTS = YES;
				CLANG_WARN_EMPTY_BODY = YES;
				CLANG_WARN_ENUM_CONVERSION = YES;
				CLANG_WARN_INFINITE_RECURSION = YES;
				CLANG_WARN_INT_CONVERSION = YES;
				CLANG_WARN_NON_LITERAL_NULL_CONVERSION = YES;
				CLANG_WARN_OBJC_IMPLICIT_RETAIN_SELF = YES;
				CLANG_WARN_OBJC_LITERAL_CONVERSION = YES;
				CLANG_WARN_OBJC_ROOT_CLASS = YES_ERROR;
				CLANG_WARN_QUOTED_INCLUDE_IN_FRAMEWORK_HEADER = YES;
				CLANG_WARN_RANGE_LOOP_ANALYSIS = YES;
				CLANG_WARN_STRICT_PROTOTYPES = YES;
				CLANG_WARN_SUSPICIOUS_MOVE = YES;
				CLANG_WARN_UNGUARDED_AVAILABILITY = YES_AGGRESSIVE;
				CLANG_WARN_UNREACHABLE_CODE = YES;
				CLANG_WARN__DUPLICATE_METHOD_MATCH = YES;
				COPY_PHASE_STRIP = NO;
				DEBUG_INFORMATION_FORMAT = "dwarf-with-dsym";
				ENABLE_NS_ASSERTIONS = NO;
				ENABLE_STRICT_OBJC_MSGSEND = YES;
				GCC_C_LANGUAGE_STANDARD = gnu11;
				GCC_NO_COMMON_BLOCKS = YES;
				GCC_WARN_64_TO_32_BIT_CONVERSION = YES;
				GCC_WARN_ABOUT_RETURN_TYPE = YES_ERROR;
				GCC_WARN_UNDECLARED_SELECTOR = YES;
				GCC_WARN_UNINITIALIZED_AUTOS = YES_AGGRESSIVE;
				GCC_WARN_UNUSED_FUNCTION = YES;
				GCC_WARN_UNUSED_VARIABLE = YES;
				IPHONEOS_DEPLOYMENT_TARGET = 16.2;
				MTL_ENABLE_DEBUG_INFO = NO;
				MTL_FAST_MATH = YES;
				SDKROOT = iphoneos;
				SWIFT_COMPILATION_MODE = wholemodule;
				SWIFT_OPTIMIZATION_LEVEL = "-O";
				VALIDATE_PRODUCT = YES;
			};
			name = Release;
		};
		42E4F8592A0263BD00DA68EA /* Debug */ = {
			isa = XCBuildConfiguration;
			buildSettings = {
				ASSETCATALOG_COMPILER_APPICON_NAME = AppIcon;
				ASSETCATALOG_COMPILER_GLOBAL_ACCENT_COLOR_NAME = AccentColor;
				CODE_SIGN_STYLE = Automatic;
				CURRENT_PROJECT_VERSION = 1;
				DEVELOPMENT_ASSET_PATHS = "\"KnuMobileApp8/Preview Content\"";
				DEVELOPMENT_TEAM = N2P5CM5772;
				ENABLE_PREVIEWS = YES;
				GENERATE_INFOPLIST_FILE = YES;
				INFOPLIST_KEY_UIApplicationSceneManifest_Generation = YES;
				INFOPLIST_KEY_UIApplicationSupportsIndirectInputEvents = YES;
				INFOPLIST_KEY_UILaunchScreen_Generation = YES;
				INFOPLIST_KEY_UISupportedInterfaceOrientations_iPad = "UIInterfaceOrientationPortrait UIInterfaceOrientationPortraitUpsideDown UIInterfaceOrientationLandscapeLeft UIInterfaceOrientationLandscapeRight";
				INFOPLIST_KEY_UISupportedInterfaceOrientations_iPhone = "UIInterfaceOrientationPortrait UIInterfaceOrientationLandscapeLeft UIInterfaceOrientationLandscapeRight";
				LD_RUNPATH_SEARCH_PATHS = (
					"$(inherited)",
					"@executable_path/Frameworks",
				);
				MARKETING_VERSION = 1.0;
				PRODUCT_BUNDLE_IDENTIFIER = com.deanidh.KnuMobileApp8;
				PRODUCT_NAME = "$(TARGET_NAME)";
				SWIFT_EMIT_LOC_STRINGS = YES;
				SWIFT_VERSION = 5.0;
				TARGETED_DEVICE_FAMILY = "1,2";
			};
			name = Debug;
		};
		42E4F85A2A0263BD00DA68EA /* Release */ = {
			isa = XCBuildConfiguration;
			buildSettings = {
				ASSETCATALOG_COMPILER_APPICON_NAME = AppIcon;
				ASSETCATALOG_COMPILER_GLOBAL_ACCENT_COLOR_NAME = AccentColor;
				CODE_SIGN_STYLE = Automatic;
				CURRENT_PROJECT_VERSION = 1;
				DEVELOPMENT_ASSET_PATHS = "\"KnuMobileApp8/Preview Content\"";
				DEVELOPMENT_TEAM = N2P5CM5772;
				ENABLE_PREVIEWS = YES;
				GENERATE_INFOPLIST_FILE = YES;
				INFOPLIST_KEY_UIApplicationSceneManifest_Generation = YES;
				INFOPLIST_KEY_UIApplicationSupportsIndirectInputEvents = YES;
				INFOPLIST_KEY_UILaunchScreen_Generation = YES;
				INFOPLIST_KEY_UISupportedInterfaceOrientations_iPad = "UIInterfaceOrientationPortrait UIInterfaceOrientationPortraitUpsideDown UIInterfaceOrientationLandscapeLeft UIInterfaceOrientationLandscapeRight";
				INFOPLIST_KEY_UISupportedInterfaceOrientations_iPhone = "UIInterfaceOrientationPortrait UIInterfaceOrientationLandscapeLeft UIInterfaceOrientationLandscapeRight";
				LD_RUNPATH_SEARCH_PATHS = (
					"$(inherited)",
					"@executable_path/Frameworks",
				);
				MARKETING_VERSION = 1.0;
				PRODUCT_BUNDLE_IDENTIFIER = com.deanidh.KnuMobileApp8;
				PRODUCT_NAME = "$(TARGET_NAME)";
				SWIFT_EMIT_LOC_STRINGS = YES;
				SWIFT_VERSION = 5.0;
				TARGETED_DEVICE_FAMILY = "1,2";
			};
			name = Release;
		};
/* End XCBuildConfiguration section */

/* Begin XCConfigurationList section */
		42E4F8452A0263BC00DA68EA /* Build configuration list for PBXProject "KnuMobileApp8" */ = {
			isa = XCConfigurationList;
			buildConfigurations = (
				42E4F8562A0263BD00DA68EA /* Debug */,
				42E4F8572A0263BD00DA68EA /* Release */,
			);
			defaultConfigurationIsVisible = 0;
			defaultConfigurationName = Release;
		};
		42E4F8582A0263BD00DA68EA /* Build configuration list for PBXNativeTarget "KnuMobileApp8" */ = {
			isa = XCConfigurationList;
			buildConfigurations = (
				42E4F8592A0263BD00DA68EA /* Debug */,
				42E4F85A2A0263BD00DA68EA /* Release */,
			);
			defaultConfigurationIsVisible = 0;
			defaultConfigurationName = Release;
		};
/* End XCConfigurationList section */

/* Begin XCRemoteSwiftPackageReference section */
		04B649DC2A3DFE6700AACAAA /* XCRemoteSwiftPackageReference "firebase-ios-sdk" */ = {
			isa = XCRemoteSwiftPackageReference;
			repositoryURL = "https://github.com/firebase/firebase-ios-sdk";
			requirement = {
				branch = master;
				kind = branch;
			};
		};
		423CFE582A1D9F6500458777 /* XCRemoteSwiftPackageReference "Alamofire" */ = {
			isa = XCRemoteSwiftPackageReference;
			repositoryURL = "https://github.com/Alamofire/Alamofire";
			requirement = {
				kind = upToNextMajorVersion;
				minimumVersion = 5.0.0;
			};
		};
/* End XCRemoteSwiftPackageReference section */

/* Begin XCSwiftPackageProductDependency section */
		04B649DE2A3E01FA00AACAAA /* FirebaseMessaging */ = {
			isa = XCSwiftPackageProductDependency;
			package = 04B649DC2A3DFE6700AACAAA /* XCRemoteSwiftPackageReference "firebase-ios-sdk" */;
			productName = FirebaseMessaging;
		};
		04B649E02A3E020000AACAAA /* FirebaseInstallations */ = {
			isa = XCSwiftPackageProductDependency;
			package = 04B649DC2A3DFE6700AACAAA /* XCRemoteSwiftPackageReference "firebase-ios-sdk" */;
			productName = FirebaseInstallations;
		};
		04B649E22A3E022F00AACAAA /* FirebaseAnalytics */ = {
			isa = XCSwiftPackageProductDependency;
			package = 04B649DC2A3DFE6700AACAAA /* XCRemoteSwiftPackageReference "firebase-ios-sdk" */;
			productName = FirebaseAnalytics;
		};
		04B649E42A3E022F00AACAAA /* FirebaseAnalyticsOnDeviceConversion */ = {
			isa = XCSwiftPackageProductDependency;
			package = 04B649DC2A3DFE6700AACAAA /* XCRemoteSwiftPackageReference "firebase-ios-sdk" */;
			productName = FirebaseAnalyticsOnDeviceConversion;
		};
		04B649E62A3E022F00AACAAA /* FirebaseAnalyticsSwift */ = {
			isa = XCSwiftPackageProductDependency;
			package = 04B649DC2A3DFE6700AACAAA /* XCRemoteSwiftPackageReference "firebase-ios-sdk" */;
			productName = FirebaseAnalyticsSwift;
		};
		04B649E82A3E022F00AACAAA /* FirebaseAnalyticsWithoutAdIdSupport */ = {
			isa = XCSwiftPackageProductDependency;
			package = 04B649DC2A3DFE6700AACAAA /* XCRemoteSwiftPackageReference "firebase-ios-sdk" */;
			productName = FirebaseAnalyticsWithoutAdIdSupport;
		};
		04B649EA2A3E022F00AACAAA /* FirebaseAppCheck */ = {
			isa = XCSwiftPackageProductDependency;
			package = 04B649DC2A3DFE6700AACAAA /* XCRemoteSwiftPackageReference "firebase-ios-sdk" */;
			productName = FirebaseAppCheck;
		};
		04B649EC2A3E022F00AACAAA /* FirebaseAppDistribution-Beta */ = {
			isa = XCSwiftPackageProductDependency;
			package = 04B649DC2A3DFE6700AACAAA /* XCRemoteSwiftPackageReference "firebase-ios-sdk" */;
			productName = "FirebaseAppDistribution-Beta";
		};
		04B649EE2A3E022F00AACAAA /* FirebaseAuth */ = {
			isa = XCSwiftPackageProductDependency;
			package = 04B649DC2A3DFE6700AACAAA /* XCRemoteSwiftPackageReference "firebase-ios-sdk" */;
			productName = FirebaseAuth;
		};
		04B649F02A3E022F00AACAAA /* FirebaseAuthCombine-Community */ = {
			isa = XCSwiftPackageProductDependency;
			package = 04B649DC2A3DFE6700AACAAA /* XCRemoteSwiftPackageReference "firebase-ios-sdk" */;
			productName = "FirebaseAuthCombine-Community";
		};
		04B649F22A3E022F00AACAAA /* FirebaseCrashlytics */ = {
			isa = XCSwiftPackageProductDependency;
			package = 04B649DC2A3DFE6700AACAAA /* XCRemoteSwiftPackageReference "firebase-ios-sdk" */;
			productName = FirebaseCrashlytics;
		};
		04B649F42A3E022F00AACAAA /* FirebaseDatabase */ = {
			isa = XCSwiftPackageProductDependency;
			package = 04B649DC2A3DFE6700AACAAA /* XCRemoteSwiftPackageReference "firebase-ios-sdk" */;
			productName = FirebaseDatabase;
		};
		04B649F62A3E023000AACAAA /* FirebaseDatabaseSwift */ = {
			isa = XCSwiftPackageProductDependency;
			package = 04B649DC2A3DFE6700AACAAA /* XCRemoteSwiftPackageReference "firebase-ios-sdk" */;
			productName = FirebaseDatabaseSwift;
		};
		04B649F82A3E023000AACAAA /* FirebaseDynamicLinks */ = {
			isa = XCSwiftPackageProductDependency;
			package = 04B649DC2A3DFE6700AACAAA /* XCRemoteSwiftPackageReference "firebase-ios-sdk" */;
			productName = FirebaseDynamicLinks;
		};
		04B649FA2A3E023000AACAAA /* FirebaseFirestore */ = {
			isa = XCSwiftPackageProductDependency;
			package = 04B649DC2A3DFE6700AACAAA /* XCRemoteSwiftPackageReference "firebase-ios-sdk" */;
			productName = FirebaseFirestore;
		};
		04B649FC2A3E023000AACAAA /* FirebaseFirestoreCombine-Community */ = {
			isa = XCSwiftPackageProductDependency;
			package = 04B649DC2A3DFE6700AACAAA /* XCRemoteSwiftPackageReference "firebase-ios-sdk" */;
			productName = "FirebaseFirestoreCombine-Community";
		};
		04B649FE2A3E023000AACAAA /* FirebaseFirestoreSwift */ = {
			isa = XCSwiftPackageProductDependency;
			package = 04B649DC2A3DFE6700AACAAA /* XCRemoteSwiftPackageReference "firebase-ios-sdk" */;
			productName = FirebaseFirestoreSwift;
		};
		04B64A002A3E023000AACAAA /* FirebaseFunctions */ = {
			isa = XCSwiftPackageProductDependency;
			package = 04B649DC2A3DFE6700AACAAA /* XCRemoteSwiftPackageReference "firebase-ios-sdk" */;
			productName = FirebaseFunctions;
		};
		04B64A022A3E023100AACAAA /* FirebaseFunctionsCombine-Community */ = {
			isa = XCSwiftPackageProductDependency;
			package = 04B649DC2A3DFE6700AACAAA /* XCRemoteSwiftPackageReference "firebase-ios-sdk" */;
			productName = "FirebaseFunctionsCombine-Community";
		};
		04B64A042A3E023100AACAAA /* FirebaseInAppMessaging-Beta */ = {
			isa = XCSwiftPackageProductDependency;
			package = 04B649DC2A3DFE6700AACAAA /* XCRemoteSwiftPackageReference "firebase-ios-sdk" */;
			productName = "FirebaseInAppMessaging-Beta";
		};
		04B64A062A3E023100AACAAA /* FirebaseInAppMessagingSwift-Beta */ = {
			isa = XCSwiftPackageProductDependency;
			package = 04B649DC2A3DFE6700AACAAA /* XCRemoteSwiftPackageReference "firebase-ios-sdk" */;
			productName = "FirebaseInAppMessagingSwift-Beta";
		};
		04B64A082A3E023100AACAAA /* FirebaseMLModelDownloader */ = {
			isa = XCSwiftPackageProductDependency;
			package = 04B649DC2A3DFE6700AACAAA /* XCRemoteSwiftPackageReference "firebase-ios-sdk" */;
			productName = FirebaseMLModelDownloader;
		};
		04B64A0A2A3E023100AACAAA /* FirebasePerformance */ = {
			isa = XCSwiftPackageProductDependency;
			package = 04B649DC2A3DFE6700AACAAA /* XCRemoteSwiftPackageReference "firebase-ios-sdk" */;
			productName = FirebasePerformance;
		};
		04B64A0C2A3E023200AACAAA /* FirebaseRemoteConfig */ = {
			isa = XCSwiftPackageProductDependency;
			package = 04B649DC2A3DFE6700AACAAA /* XCRemoteSwiftPackageReference "firebase-ios-sdk" */;
			productName = FirebaseRemoteConfig;
		};
		04B64A0E2A3E023200AACAAA /* FirebaseRemoteConfigSwift */ = {
			isa = XCSwiftPackageProductDependency;
			package = 04B649DC2A3DFE6700AACAAA /* XCRemoteSwiftPackageReference "firebase-ios-sdk" */;
			productName = FirebaseRemoteConfigSwift;
		};
		04B64A102A3E023200AACAAA /* FirebaseStorage */ = {
			isa = XCSwiftPackageProductDependency;
			package = 04B649DC2A3DFE6700AACAAA /* XCRemoteSwiftPackageReference "firebase-ios-sdk" */;
			productName = FirebaseStorage;
		};
		04B64A122A3E023200AACAAA /* FirebaseStorageCombine-Community */ = {
			isa = XCSwiftPackageProductDependency;
			package = 04B649DC2A3DFE6700AACAAA /* XCRemoteSwiftPackageReference "firebase-ios-sdk" */;
			productName = "FirebaseStorageCombine-Community";
		};
		423CFE592A1D9F6500458777 /* Alamofire */ = {
			isa = XCSwiftPackageProductDependency;
			package = 423CFE582A1D9F6500458777 /* XCRemoteSwiftPackageReference "Alamofire" */;
			productName = Alamofire;
		};
/* End XCSwiftPackageProductDependency section */
	};
	rootObject = 42E4F8422A0263BC00DA68EA /* Project object */;
}
